
Microsoft Visual Studio Solution File, Format Version 12.00
# Visual Studio Version 17
VisualStudioVersion = 17.9.34607.119
MinimumVisualStudioVersion = 10.0.40219.1
Project("{FAE04EC0-301F-11D3-BF4B-00C04F79EFBC}") = "WebApp", "WebApp\WebApp.csproj", "{12ACB4A4-E14C-48CC-82A1-B0E61F5E67F2}"
EndProject
Global
	GlobalSection(SolutionConfigurationPlatforms) = preSolution
		Debug|Any CPU = Debug|Any CPU
		Release|Any CPU = Release|Any CPU
	EndGlobalSection
	GlobalSection(ProjectConfigurationPlatforms) = postSolution
		{12ACB4A4-E14C-48CC-82A1-B0E61F5E67F2}.Debug|Any CPU.ActiveCfg = Debug|Any CPU
		{12ACB4A4-E14C-48CC-82A1-B0E61F5E67F2}.Debug|Any CPU.Build.0 = Debug|Any CPU
		{12ACB4A4-E14C-48CC-82A1-B0E61F5E67F2}.Release|Any CPU.ActiveCfg = Release|Any CPU
		{12ACB4A4-E14C-48CC-82A1-B0E61F5E67F2}.Release|Any CPU.Build.0 = Release|Any CPU
	EndGlobalSection
	GlobalSection(SolutionProperties) = preSolution
		HideSolutionNode = FALSE
	EndGlobalSection
	GlobalSection(ExtensibilityGlobals) = postSolution
		SolutionGuid = {D4288E88-F615-4FCE-A8B2-CF006D9EFA22}
	EndGlobalSection
EndGlobal
